# This file is automatically @generated by Cargo.
# It is not intended for manual editing.
version = 3

[[package]]
name = "benchmark"
version = "0.1.0"
dependencies = [
 "benchmarking",
 "day1_calorie_counting",
 "day2_rock_paper_scissors",
 "day3_rucksack_reorganization",
 "day4_camp_cleanup",
 "day5_supply_stacks",
]

[[package]]
name = "benchmarking"
version = "0.4.11"
source = "registry+https://github.com/rust-lang/crates.io-index"
checksum = "3937429ef059161c005a608ae02451b64e5e98d26d2038f43674f506b571bad6"

[[package]]
name = "day1_calorie_counting"
version = "0.1.0"

[[package]]
name = "day2_rock_paper_scissors"
version = "0.1.0"

[[package]]
name = "day3_rucksack_reorganization"
version = "0.1.0"

[[package]]
name = "day4_camp_cleanup"
version = "0.1.0"

[[package]]
name = "day5_supply_stacks"
version = "0.1.0"
